{
  "name": "zip-archiver",
  "version": "0.0.1",
  "lockfileVersion": 1,
  "dependencies": {
    "minizip-asm.js": {
      "version": "1.0.10",
      "resolved": "https://registry.npmjs.org/minizip-asm.js/-/minizip-asm.js-1.0.10.tgz",
      "integrity": "sha1-WdSmMaRmIXKSUf2OtI5aV8Qx3Vs="
    }
  }
}
